
Microsoft Visual Studio Solution File, Format Version 12.00
# Visual Studio Version 16
VisualStudioVersion = 16.0.30011.22
MinimumVisualStudioVersion = 10.0.40219.1
Project("{FAE04EC0-301F-11D3-BF4B-00C04F79EFBC}") = "Xunit.Repeat", "src\Xunit.Repeat\Xunit.Repeat.csproj", "{E0865F20-8050-4A7F-A525-720740AF963C}"
EndProject
Project("{FAE04EC0-301F-11D3-BF4B-00C04F79EFBC}") = "Xunit.Repeat.Tests", "src\Xunit.Repeat.Tests\Xunit.Repeat.Tests.csproj", "{5FD8AFA4-4C72-4BA3-B437-921400F8D39C}"
EndProject
Global
	GlobalSection(SolutionConfigurationPlatforms) = preSolution
		Debug|Any CPU = Debug|Any CPU
		Release|Any CPU = Release|Any CPU
	EndGlobalSection
	GlobalSection(ProjectConfigurationPlatforms) = postSolution
		{E0865F20-8050-4A7F-A525-720740AF963C}.Debug|Any CPU.ActiveCfg = Debug|Any CPU
		{E0865F20-8050-4A7F-A525-720740AF963C}.Debug|Any CPU.Build.0 = Debug|Any CPU
		{E0865F20-8050-4A7F-A525-720740AF963C}.Release|Any CPU.ActiveCfg = Release|Any CPU
		{E0865F20-8050-4A7F-A525-720740AF963C}.Release|Any CPU.Build.0 = Release|Any CPU
		{5FD8AFA4-4C72-4BA3-B437-921400F8D39C}.Debug|Any CPU.ActiveCfg = Debug|Any CPU
		{5FD8AFA4-4C72-4BA3-B437-921400F8D39C}.Debug|Any CPU.Build.0 = Debug|Any CPU
		{5FD8AFA4-4C72-4BA3-B437-921400F8D39C}.Release|Any CPU.ActiveCfg = Release|Any CPU
		{5FD8AFA4-4C72-4BA3-B437-921400F8D39C}.Release|Any CPU.Build.0 = Release|Any CPU
	EndGlobalSection
	GlobalSection(SolutionProperties) = preSolution
		HideSolutionNode = FALSE
	EndGlobalSection
	GlobalSection(ExtensibilityGlobals) = postSolution
		SolutionGuid = {520FB580-29EE-46C0-8F7A-AC55DBAA740F}
	EndGlobalSection
EndGlobal
